
Microsoft Visual Studio Solution File, Format Version 12.00
# Visual Studio Version 16
VisualStudioVersion = 16.0.30907.101
MinimumVisualStudioVersion = 10.0.40219.1
Project("{FAE04EC0-301F-11D3-BF4B-00C04F79EFBC}") = "Editor de texto", "Editor de texto.csproj", "{0404845F-A4F1-4925-8B86-D21825C956DC}"
EndProject
Global
	GlobalSection(SolutionConfigurationPlatforms) = preSolution
		Debug|Any CPU = Debug|Any CPU
		Release|Any CPU = Release|Any CPU
	EndGlobalSection
	GlobalSection(ProjectConfigurationPlatforms) = postSolution
		{0404845F-A4F1-4925-8B86-D21825C956DC}.Debug|Any CPU.ActiveCfg = Debug|Any CPU
		{0404845F-A4F1-4925-8B86-D21825C956DC}.Debug|Any CPU.Build.0 = Debug|Any CPU
		{0404845F-A4F1-4925-8B86-D21825C956DC}.Release|Any CPU.ActiveCfg = Release|Any CPU
		{0404845F-A4F1-4925-8B86-D21825C956DC}.Release|Any CPU.Build.0 = Release|Any CPU
	EndGlobalSection
	GlobalSection(SolutionProperties) = preSolution
		HideSolutionNode = FALSE
	EndGlobalSection
	GlobalSection(ExtensibilityGlobals) = postSolution
		SolutionGuid = {F857DBA8-175C-41C1-A2AA-C00B9CB044DD}
	EndGlobalSection
EndGlobal
